# This file is autogenerated, do not edit; changes may be undone by the next 'dep ensure'.


[[projects]]
  branch = "master"
  digest = "1:8e1e568ca3bd5943a2b1eb8df2378efe6c33ab6f497e7a719e6a599f420c9ad1"
  name = "github.com/akavel/rsrc"
  packages = [
    "binutil",
    "coff",
    "ico",
    "internal",
    "rsrc",
  ]
  pruneopts = "UT"
  revision = "f6a15ece2cfd2560077c556499f19340ddc768e9"

[[projects]]
  digest = "1:e32fa292ea8513893fa7535a61bbd52144995afd0b9eda16681ab3ef035e92cd"
  name = "github.com/asticode/go-astilectron"
  packages = ["."]
  pruneopts = "UT"
  revision = "87ea6f0bcc3da11c0f3ddbad7dc998ea3904f0da"
  version = "v0.6.0"

[[projects]]
  branch = "master"
  digest = "1:292c8a465d2f8ee98fb4b412c433caa7469b985ab197d2b3419979a494ca00bd"
  name = "github.com/asticode/go-astilectron-bootstrap"
  packages = ["."]
  pruneopts = "UT"
  revision = "b3211646d2056d041dcc403e0ab57ad7d12449df"

[[projects]]
  branch = "master"
  digest = "1:69a5d1c7ffb7d8d03732e13bcbc3452214ea3cc3b51b1ddd88522a897ae7d880"
  name = "github.com/asticode/go-astilectron-bundler"
  packages = ["."]
  pruneopts = "UT"
  revision = "f6f70d2ef6667b9d8a755ce3461b7aa3d27b3115"

[[projects]]
  branch = "master"
  digest = "1:4305471fe2c60bdd1a891f56568ce13ef5c3c89e33d001d4fed6ad6267d3d342"
  name = "github.com/asticode/go-astilog"
  packages = ["."]
  pruneopts = "UT"
  revision = "d7440316555d404a8a6e45ecca822e0d85c3410a"

[[projects]]
  branch = "master"
  digest = "1:570a64145a3f8b0177d43c1aa0735fdcfcc4f4438483f6e23b59d012311a40ae"
  name = "github.com/asticode/go-astitools"
  packages = [
    "archive",
    "context",
    "exec",
    "http",
    "io",
    "os",
    "ptr",
    "regexp",
    "url",
  ]
  pruneopts = "UT"
  revision = "933b5f686c38971627eb990f415ee6b6f9857cc8"

[[projects]]
  branch = "master"
  digest = "1:98703802aec33a9a38d5dca660243598ceaaa4bd002029f604e94cda17945075"
  name = "github.com/asticode/go-bindata"
  packages = ["."]
  pruneopts = "UT"
  revision = "a0ff2567cfb70903282db057e799fd826784d41d"

[[projects]]
  digest = "1:6f9339c912bbdda81302633ad7e99a28dfa5a639c864061f1929510a9a64aa74"
  name = "github.com/dustin/go-humanize"
  packages = ["."]
  pruneopts = "UT"
  revision = "9f541cc9db5d55bce703bd99987c9d5cb8eea45e"
  version = "v1.0.0"

[[projects]]
  digest = "1:f97285a3b0a496dcf8801072622230d513f69175665d94de60eb042d03387f6c"
  name = "github.com/julienschmidt/httprouter"
  packages = ["."]
  pruneopts = "UT"
  revision = "348b672cd90d8190f8240323e372ecd1e66b59dc"
  version = "v1.2.0"

[[projects]]
  digest = "1:0a69a1c0db3591fcefb47f115b224592c8dfa4368b7ba9fae509d5e16cdc95c8"
  name = "github.com/konsorten/go-windows-terminal-sequences"
  packages = ["."]
  pruneopts = "UT"
  revision = "5c8c8bd35d3832f5d134ae1e1e375b69a4d25242"
  version = "v1.0.1"

[[projects]]
  digest = "1:c658e84ad3916da105a761660dcaeb01e63416c8ec7bc62256a9b411a05fcd67"
  name = "github.com/mattn/go-colorable"
  packages = ["."]
  pruneopts = "UT"
  revision = "167de6bfdfba052fa6b2d3664c8f5272e23c9072"
  version = "v0.0.9"

[[projects]]
  digest = "1:0981502f9816113c9c8c4ac301583841855c8cf4da8c72f696b3ebedf6d0e4e5"
  name = "github.com/mattn/go-isatty"
  packages = ["."]
  pruneopts = "UT"
  revision = "6ca4dbf54d38eea1a992b3c722a76a5d1c4cb25c"
  version = "v0.0.4"

[[projects]]
  digest = "1:40e195917a951a8bf867cd05de2a46aaf1806c50cf92eebf4c16f78cd196f747"
  name = "github.com/pkg/errors"
  packages = ["."]
  pruneopts = "UT"
  revision = "645ef00459ed84a119197bfb8d8205042c6df63d"
  version = "v0.8.0"

[[projects]]
  digest = "1:69b1cc331fca23d702bd72f860c6a647afd0aa9fcbc1d0659b1365e26546dd70"
  name = "github.com/sirupsen/logrus"
  packages = ["."]
  pruneopts = "UT"
  revision = "bcd833dfe83d3cebad139e4a29ed79cb2318bf95"
  version = "v1.2.0"

[[projects]]
  branch = "master"
  digest = "1:3f3a05ae0b95893d90b9b3b5afdb79a9b3d96e4e36e099d841ae602e4aca0da8"
  name = "golang.org/x/crypto"
  packages = ["ssh/terminal"]
  pruneopts = "UT"
  revision = "e4dc69e5b2fd71dcaf8bd5d054eb936deb78d1fa"

[[projects]]
  branch = "master"
  digest = "1:6a875550c3b582f6c2d7e2ce44aba792511f00016d7c46b0a4fb26f730ef3058"
  name = "golang.org/x/sys"
  packages = [
    "unix",
    "windows",
  ]
  pruneopts = "UT"
  revision = "66b7b1311ac80bbafcd2daeef9a5e6e2cd1e2399"

[solve-meta]
  analyzer-name = "dep"
  analyzer-version = 1
  input-imports = [
    "github.com/asticode/go-astilectron",
    "github.com/asticode/go-astilectron-bootstrap",
    "github.com/asticode/go-astilog",
    "github.com/dustin/go-humanize",
    "github.com/pkg/errors",
  ]
  solver-name = "gps-cdcl"
  solver-version = 1
